// !$*UTF8*$!
{
	archiveVersion = 1;
	classes = {
	};
	objectVersion = 48;
	objects = {

/* Begin PBXBuildFile section */
		281395B520623B5100D8AE8F /* DolfuUtils.framework in Frameworks */ = {isa = PBXBuildFile; fileRef = 281395AB20623B5000D8AE8F /* DolfuUtils.framework */; };
		281395BC20623B5100D8AE8F /* DolfuUtils.h in Headers */ = {isa = PBXBuildFile; fileRef = 281395AE20623B5000D8AE8F /* DolfuUtils.h */; settings = {ATTRIBUTES = (Public, ); }; };
		281395CF20623B6C00D8AE8F /* NumberConvertClass.swift in Sources */ = {isa = PBXBuildFile; fileRef = 281395CE20623B6C00D8AE8F /* NumberConvertClass.swift */; };
		28E26AB9206560CE00AD8FA0 /* DataSavingClass.swift in Sources */ = {isa = PBXBuildFile; fileRef = 28E26AB8206560CE00AD8FA0 /* DataSavingClass.swift */; };
		28E26ABC2065702B00AD8FA0 /* ColorConvertClass.swift in Sources */ = {isa = PBXBuildFile; fileRef = 28E26ABB2065702B00AD8FA0 /* ColorConvertClass.swift */; };
		28E26AC12065793200AD8FA0 /* UtilAsset.swift in Sources */ = {isa = PBXBuildFile; fileRef = 28E26AC02065793200AD8FA0 /* UtilAsset.swift */; };
/* End PBXBuildFile section */

/* Begin PBXContainerItemProxy section */
		281395B620623B5100D8AE8F /* PBXContainerItemProxy */ = {
			isa = PBXContainerItemProxy;
			containerPortal = 281395A220623B5000D8AE8F /* Project object */;
			proxyType = 1;
			remoteGlobalIDString = 281395AA20623B5000D8AE8F;
			remoteInfo = DolfuUtils;
		};
/* End PBXContainerItemProxy section */

/* Begin PBXFileReference section */
		281395AB20623B5000D8AE8F /* DolfuUtils.framework */ = {isa = PBXFileReference; explicitFileType = wrapper.framework; includeInIndex = 0; path = DolfuUtils.framework; sourceTree = BUILT_PRODUCTS_DIR; };
		281395AE20623B5000D8AE8F /* DolfuUtils.h */ = {isa = PBXFileReference; lastKnownFileType = sourcecode.c.h; path = DolfuUtils.h; sourceTree = "<group>"; };
		281395AF20623B5000D8AE8F /* Info.plist */ = {isa = PBXFileReference; lastKnownFileType = text.plist.xml; path = Info.plist; sourceTree = "<group>"; };
		281395B420623B5100D8AE8F /* DolfuUtilsTests.xctest */ = {isa = PBXFileReference; explicitFileType = wrapper.cfbundle; includeInIndex = 0; path = DolfuUtilsTests.xctest; sourceTree = BUILT_PRODUCTS_DIR; };
		281395CE20623B6C00D8AE8F /* NumberConvertClass.swift */ = {isa = PBXFileReference; lastKnownFileType = sourcecode.swift; path = NumberConvertClass.swift; sourceTree = "<group>"; };
		28E26AB8206560CE00AD8FA0 /* DataSavingClass.swift */ = {isa = PBXFileReference; lastKnownFileType = sourcecode.swift; path = DataSavingClass.swift; sourceTree = "<group>"; };
		28E26ABB2065702B00AD8FA0 /* ColorConvertClass.swift */ = {isa = PBXFileReference; lastKnownFileType = sourcecode.swift; path = ColorConvertClass.swift; sourceTree = "<group>"; };
		28E26AC02065793200AD8FA0 /* UtilAsset.swift */ = {isa = PBXFileReference; lastKnownFileType = sourcecode.swift; path = UtilAsset.swift; sourceTree = "<group>"; };
/* End PBXFileReference section */

/* Begin PBXFrameworksBuildPhase section */
		281395A720623B5000D8AE8F /* Frameworks */ = {
			isa = PBXFrameworksBuildPhase;
			buildActionMask = 2147483647;
			files = (
			);
			runOnlyForDeploymentPostprocessing = 0;
		};
		281395B120623B5100D8AE8F /* Frameworks */ = {
			isa = PBXFrameworksBuildPhase;
			buildActionMask = 2147483647;
			files = (
				281395B520623B5100D8AE8F /* DolfuUtils.framework in Frameworks */,
			);
			runOnlyForDeploymentPostprocessing = 0;
		};
/* End PBXFrameworksBuildPhase section */

/* Begin PBXGroup section */
		281395A120623B5000D8AE8F = {
			isa = PBXGroup;
			children = (
				281395AD20623B5000D8AE8F /* DolfuUtils */,
				281395AC20623B5000D8AE8F /* Products */,
			);
			sourceTree = "<group>";
		};
		281395AC20623B5000D8AE8F /* Products */ = {
			isa = PBXGroup;
			children = (
				281395AB20623B5000D8AE8F /* DolfuUtils.framework */,
				281395B420623B5100D8AE8F /* DolfuUtilsTests.xctest */,
			);
			name = Products;
			sourceTree = "<group>";
		};
		281395AD20623B5000D8AE8F /* DolfuUtils */ = {
			isa = PBXGroup;
			children = (
				281395AE20623B5000D8AE8F /* DolfuUtils.h */,
				281395AF20623B5000D8AE8F /* Info.plist */,
				281395CE20623B6C00D8AE8F /* NumberConvertClass.swift */,
				28E26AB8206560CE00AD8FA0 /* DataSavingClass.swift */,
				28E26ABB2065702B00AD8FA0 /* ColorConvertClass.swift */,
				28E26AC02065793200AD8FA0 /* UtilAsset.swift */,
			);
			path = DolfuUtils;
			sourceTree = "<group>";
		};
/* End PBXGroup section */

/* Begin PBXHeadersBuildPhase section */
		281395A820623B5000D8AE8F /* Headers */ = {
			isa = PBXHeadersBuildPhase;
			buildActionMask = 2147483647;
			files = (
				281395BC20623B5100D8AE8F /* DolfuUtils.h in Headers */,
			);
			runOnlyForDeploymentPostprocessing = 0;
		};
/* End PBXHeadersBuildPhase section */

/* Begin PBXNativeTarget section */
		281395AA20623B5000D8AE8F /* DolfuUtils */ = {
			isa = PBXNativeTarget;
			buildConfigurationList = 281395BF20623B5100D8AE8F /* Build configuration list for PBXNativeTarget "DolfuUtils" */;
			buildPhases = (
				281395A620623B5000D8AE8F /* Sources */,
				281395A720623B5000D8AE8F /* Frameworks */,
				281395A820623B5000D8AE8F /* Headers */,
				281395A920623B5000D8AE8F /* Resources */,
			);
			buildRules = (
			);
			dependencies = (
			);
			name = DolfuUtils;
			productName = DolfuUtils;
			productReference = 281395AB20623B5000D8AE8F /* DolfuUtils.framework */;
			productType = "com.apple.product-type.framework";
		};
		281395B320623B5100D8AE8F /* DolfuUtilsTests */ = {
			isa = PBXNativeTarget;
			buildConfigurationList = 281395C220623B5100D8AE8F /* Build configuration list for PBXNativeTarget "DolfuUtilsTests" */;
			buildPhases = (
				281395B020623B5100D8AE8F /* Sources */,
				281395B120623B5100D8AE8F /* Frameworks */,
				281395B220623B5100D8AE8F /* Resources */,
			);
			buildRules = (
			);
			dependencies = (
				281395B720623B5100D8AE8F /* PBXTargetDependency */,
			);
			name = DolfuUtilsTests;
			productName = DolfuUtilsTests;
			productReference = 281395B420623B5100D8AE8F /* DolfuUtilsTests.xctest */;
			productType = "com.apple.product-type.bundle.unit-test";
		};
/* End PBXNativeTarget section */

/* Begin PBXProject section */
		281395A220623B5000D8AE8F /* Project object */ = {
			isa = PBXProject;
			attributes = {
				LastSwiftUpdateCheck = 0920;
				LastUpgradeCheck = 0920;
				ORGANIZATIONNAME = "김효빈";
				TargetAttributes = {
					281395AA20623B5000D8AE8F = {
						CreatedOnToolsVersion = 9.2;
						LastSwiftMigration = 0920;
						ProvisioningStyle = Automatic;
					};
					281395B320623B5100D8AE8F = {
						CreatedOnToolsVersion = 9.2;
						ProvisioningStyle = Automatic;
					};
				};
			};
			buildConfigurationList = 281395A520623B5000D8AE8F /* Build configuration list for PBXProject "DolfuUtils" */;
			compatibilityVersion = "Xcode 8.0";
			developmentRegion = en;
			hasScannedForEncodings = 0;
			knownRegions = (
				en,
			);
			mainGroup = 281395A120623B5000D8AE8F;
			productRefGroup = 281395AC20623B5000D8AE8F /* Products */;
			projectDirPath = "";
			projectRoot = "";
			targets = (
				281395AA20623B5000D8AE8F /* DolfuUtils */,
				281395B320623B5100D8AE8F /* DolfuUtilsTests */,
			);
		};
/* End PBXProject section */

/* Begin PBXResourcesBuildPhase section */
		281395A920623B5000D8AE8F /* Resources */ = {
			isa = PBXResourcesBuildPhase;
			buildActionMask = 2147483647;
			files = (
			);
			runOnlyForDeploymentPostprocessing = 0;
		};
		281395B220623B5100D8AE8F /* Resources */ = {
			isa = PBXResourcesBuildPhase;
			buildActionMask = 2147483647;
			files = (
			);
			runOnlyForDeploymentPostprocessing = 0;
		};
/* End PBXResourcesBuildPhase section */

/* Begin PBXSourcesBuildPhase section */
		281395A620623B5000D8AE8F /* Sources */ = {
			isa = PBXSourcesBuildPhase;
			buildActionMask = 2147483647;
			files = (
				28E26ABC2065702B00AD8FA0 /* ColorConvertClass.swift in Sources */,
				28E26AC12065793200AD8FA0 /* UtilAsset.swift in Sources */,
				28E26AB9206560CE00AD8FA0 /* DataSavingClass.swift in Sources */,
				281395CF20623B6C00D8AE8F /* NumberConvertClass.swift in Sources */,
			);
			runOnlyForDeploymentPostprocessing = 0;
		};
		281395B020623B5100D8AE8F /* Sources */ = {
			isa = PBXSourcesBuildPhase;
			buildActionMask = 2147483647;
			files = (
			);
			runOnlyForDeploymentPostprocessing = 0;
		};
/* End PBXSourcesBuildPhase section */

/* Begin PBXTargetDependency section */
		281395B720623B5100D8AE8F /* PBXTargetDependency */ = {
			isa = PBXTargetDependency;
			target = 281395AA20623B5000D8AE8F /* DolfuUtils */;
			targetProxy = 281395B620623B5100D8AE8F /* PBXContainerItemProxy */;
		};
/* End PBXTargetDependency section */

/* Begin XCBuildConfiguration section */
		281395BD20623B5100D8AE8F /* Debug */ = {
			isa = XCBuildConfiguration;
			buildSettings = {
				ALWAYS_SEARCH_USER_PATHS = NO;
				CLANG_ANALYZER_NONNULL = YES;
				CLANG_ANALYZER_NUMBER_OBJECT_CONVERSION = YES_AGGRESSIVE;
				CLANG_CXX_LANGUAGE_STANDARD = "gnu++14";
				CLANG_CXX_LIBRARY = "libc++";
				CLANG_ENABLE_MODULES = YES;
				CLANG_ENABLE_OBJC_ARC = YES;
				CLANG_WARN_BLOCK_CAPTURE_AUTORELEASING = YES;
				CLANG_WARN_BOOL_CONVERSION = YES;
				CLANG_WARN_COMMA = YES;
				CLANG_WARN_CONSTANT_CONVERSION = YES;
				CLANG_WARN_DIRECT_OBJC_ISA_USAGE = YES_ERROR;
				CLANG_WARN_DOCUMENTATION_COMMENTS = YES;
				CLANG_WARN_EMPTY_BODY = YES;
				CLANG_WARN_ENUM_CONVERSION = YES;
				CLANG_WARN_INFINITE_RECURSION = YES;
				CLANG_WARN_INT_CONVERSION = YES;
				CLANG_WARN_NON_LITERAL_NULL_CONVERSION = YES;
				CLANG_WARN_OBJC_LITERAL_CONVERSION = YES;
				CLANG_WARN_OBJC_ROOT_CLASS = YES_ERROR;
				CLANG_WARN_RANGE_LOOP_ANALYSIS = YES;
				CLANG_WARN_STRICT_PROTOTYPES = YES;
				CLANG_WARN_SUSPICIOUS_MOVE = YES;
				CLANG_WARN_UNGUARDED_AVAILABILITY = YES_AGGRESSIVE;
				CLANG_WARN_UNREACHABLE_CODE = YES;
				CLANG_WARN__DUPLICATE_METHOD_MATCH = YES;
				CODE_SIGN_IDENTITY = "iPhone Developer";
				COPY_PHASE_STRIP = NO;
				CURRENT_PROJECT_VERSION = 1;
				DEBUG_INFORMATION_FORMAT = dwarf;
				ENABLE_STRICT_OBJC_MSGSEND = YES;
				ENABLE_TESTABILITY = YES;
				GCC_C_LANGUAGE_STANDARD = gnu11;
				GCC_DYNAMIC_NO_PIC = NO;
				GCC_NO_COMMON_BLOCKS = YES;
				GCC_OPTIMIZATION_LEVEL = 0;
				GCC_PREPROCESSOR_DEFINITIONS = (
					"DEBUG=1",
					"$(inherited)",
				);
				GCC_WARN_64_TO_32_BIT_CONVERSION = YES;
				GCC_WARN_ABOUT_RETURN_TYPE = YES_ERROR;
				GCC_WARN_UNDECLARED_SELECTOR = YES;
				GCC_WARN_UNINITIALIZED_AUTOS = YES_AGGRESSIVE;
				GCC_WARN_UNUSED_FUNCTION = YES;
				GCC_WARN_UNUSED_VARIABLE = YES;
				IPHONEOS_DEPLOYMENT_TARGET = 11.2;
				MTL_ENABLE_DEBUG_INFO = YES;
				ONLY_ACTIVE_ARCH = YES;
				SDKROOT = iphoneos;
				SWIFT_ACTIVE_COMPILATION_CONDITIONS = DEBUG;
				SWIFT_OPTIMIZATION_LEVEL = "-Onone";
				VERSIONING_SYSTEM = "apple-generic";
				VERSION_INFO_PREFIX = "";
			};
			name = Debug;
		};
		281395BE20623B5100D8AE8F /* Release */ = {
			isa = XCBuildConfiguration;
			buildSettings = {
				ALWAYS_SEARCH_USER_PATHS = NO;
				CLANG_ANALYZER_NONNULL = YES;
				CLANG_ANALYZER_NUMBER_OBJECT_CONVERSION = YES_AGGRESSIVE;
				CLANG_CXX_LANGUAGE_STANDARD = "gnu++14";
				CLANG_CXX_LIBRARY = "libc++";
				CLANG_ENABLE_MODULES = YES;
				CLANG_ENABLE_OBJC_ARC = YES;
				CLANG_WARN_BLOCK_CAPTURE_AUTORELEASING = YES;
				CLANG_WARN_BOOL_CONVERSION = YES;
				CLANG_WARN_COMMA = YES;
				CLANG_WARN_CONSTANT_CONVERSION = YES;
				CLANG_WARN_DIRECT_OBJC_ISA_USAGE = YES_ERROR;
				CLANG_WARN_DOCUMENTATION_COMMENTS = YES;
				CLANG_WARN_EMPTY_BODY = YES;
				CLANG_WARN_ENUM_CONVERSION = YES;
				CLANG_WARN_INFINITE_RECURSION = YES;
				CLANG_WARN_INT_CONVERSION = YES;
				CLANG_WARN_NON_LITERAL_NULL_CONVERSION = YES;
				CLANG_WARN_OBJC_LITERAL_CONVERSION = YES;
				CLANG_WARN_OBJC_ROOT_CLASS = YES_ERROR;
				CLANG_WARN_RANGE_LOOP_ANALYSIS = YES;
				CLANG_WARN_STRICT_PROTOTYPES = YES;
				CLANG_WARN_SUSPICIOUS_MOVE = YES;
				CLANG_WARN_UNGUARDED_AVAILABILITY = YES_AGGRESSIVE;
				CLANG_WARN_UNREACHABLE_CODE = YES;
				CLANG_WARN__DUPLICATE_METHOD_MATCH = YES;
				CODE_SIGN_IDENTITY = "iPhone Developer";
				COPY_PHASE_STRIP = NO;
				CURRENT_PROJECT_VERSION = 1;
				DEBUG_INFORMATION_FORMAT = "dwarf-with-dsym";
				ENABLE_NS_ASSERTIONS = NO;
				ENABLE_STRICT_OBJC_MSGSEND = YES;
				GCC_C_LANGUAGE_STANDARD = gnu11;
				GCC_NO_COMMON_BLOCKS = YES;
				GCC_WARN_64_TO_32_BIT_CONVERSION = YES;
				GCC_WARN_ABOUT_RETURN_TYPE = YES_ERROR;
				GCC_WARN_UNDECLARED_SELECTOR = YES;
				GCC_WARN_UNINITIALIZED_AUTOS = YES_AGGRESSIVE;
				GCC_WARN_UNUSED_FUNCTION = YES;
				GCC_WARN_UNUSED_VARIABLE = YES;
				IPHONEOS_DEPLOYMENT_TARGET = 11.2;
				MTL_ENABLE_DEBUG_INFO = NO;
				SDKROOT = iphoneos;
				SWIFT_OPTIMIZATION_LEVEL = "-Owholemodule";
				VALIDATE_PRODUCT = YES;
				VERSIONING_SYSTEM = "apple-generic";
				VERSION_INFO_PREFIX = "";
			};
			name = Release;
		};
		281395C020623B5100D8AE8F /* Debug */ = {
			isa = XCBuildConfiguration;
			buildSettings = {
				CLANG_ENABLE_MODULES = YES;
				CODE_SIGN_IDENTITY = "";
				CODE_SIGN_STYLE = Automatic;
				DEFINES_MODULE = YES;
				DEVELOPMENT_TEAM = 2KS5WLQFDW;
				DYLIB_COMPATIBILITY_VERSION = 1;
				DYLIB_CURRENT_VERSION = 1;
				DYLIB_INSTALL_NAME_BASE = "@rpath";
				INFOPLIST_FILE = DolfuUtils/Info.plist;
				INSTALL_PATH = "$(LOCAL_LIBRARY_DIR)/Frameworks";
				LD_RUNPATH_SEARCH_PATHS = "$(inherited) @executable_path/Frameworks @loader_path/Frameworks";
				PRODUCT_BUNDLE_IDENTIFIER = com.dolfu.DolfuUtils;
				PRODUCT_NAME = "$(TARGET_NAME:c99extidentifier)";
				SKIP_INSTALL = YES;
				SWIFT_OPTIMIZATION_LEVEL = "-Onone";
				SWIFT_VERSION = 4.0;
				TARGETED_DEVICE_FAMILY = "1,2";
			};
			name = Debug;
		};
		281395C120623B5100D8AE8F /* Release */ = {
			isa = XCBuildConfiguration;
			buildSettings = {
				CLANG_ENABLE_MODULES = YES;
				CODE_SIGN_IDENTITY = "";
				CODE_SIGN_STYLE = Automatic;
				DEFINES_MODULE = YES;
				DEVELOPMENT_TEAM = 2KS5WLQFDW;
				DYLIB_COMPATIBILITY_VERSION = 1;
				DYLIB_CURRENT_VERSION = 1;
				DYLIB_INSTALL_NAME_BASE = "@rpath";
				INFOPLIST_FILE = DolfuUtils/Info.plist;
				INSTALL_PATH = "$(LOCAL_LIBRARY_DIR)/Frameworks";
				LD_RUNPATH_SEARCH_PATHS = "$(inherited) @executable_path/Frameworks @loader_path/Frameworks";
				PRODUCT_BUNDLE_IDENTIFIER = com.dolfu.DolfuUtils;
				PRODUCT_NAME = "$(TARGET_NAME:c99extidentifier)";
				SKIP_INSTALL = YES;
				SWIFT_VERSION = 4.0;
				TARGETED_DEVICE_FAMILY = "1,2";
			};
			name = Release;
		};
		281395C320623B5100D8AE8F /* Debug */ = {
			isa = XCBuildConfiguration;
			buildSettings = {
				ALWAYS_EMBED_SWIFT_STANDARD_LIBRARIES = YES;
				CODE_SIGN_STYLE = Automatic;
				DEVELOPMENT_TEAM = 2KS5WLQFDW;
				INFOPLIST_FILE = DolfuUtilsTests/Info.plist;
				LD_RUNPATH_SEARCH_PATHS = "$(inherited) @executable_path/Frameworks @loader_path/Frameworks";
				PRODUCT_BUNDLE_IDENTIFIER = com.dolfu.DolfuUtilsTests;
				PRODUCT_NAME = "$(TARGET_NAME)";
				SWIFT_VERSION = 4.0;
				TARGETED_DEVICE_FAMILY = "1,2";
			};
			name = Debug;
		};
		281395C420623B5100D8AE8F /* Release */ = {
			isa = XCBuildConfiguration;
			buildSettings = {
				ALWAYS_EMBED_SWIFT_STANDARD_LIBRARIES = YES;
				CODE_SIGN_STYLE = Automatic;
				DEVELOPMENT_TEAM = 2KS5WLQFDW;
				INFOPLIST_FILE = DolfuUtilsTests/Info.plist;
				LD_RUNPATH_SEARCH_PATHS = "$(inherited) @executable_path/Frameworks @loader_path/Frameworks";
				PRODUCT_BUNDLE_IDENTIFIER = com.dolfu.DolfuUtilsTests;
				PRODUCT_NAME = "$(TARGET_NAME)";
				SWIFT_VERSION = 4.0;
				TARGETED_DEVICE_FAMILY = "1,2";
			};
			name = Release;
		};
/* End XCBuildConfiguration section */

/* Begin XCConfigurationList section */
		281395A520623B5000D8AE8F /* Build configuration list for PBXProject "DolfuUtils" */ = {
			isa = XCConfigurationList;
			buildConfigurations = (
				281395BD20623B5100D8AE8F /* Debug */,
				281395BE20623B5100D8AE8F /* Release */,
			);
			defaultConfigurationIsVisible = 0;
			defaultConfigurationName = Release;
		};
		281395BF20623B5100D8AE8F /* Build configuration list for PBXNativeTarget "DolfuUtils" */ = {
			isa = XCConfigurationList;
			buildConfigurations = (
				281395C020623B5100D8AE8F /* Debug */,
				281395C120623B5100D8AE8F /* Release */,
			);
			defaultConfigurationIsVisible = 0;
			defaultConfigurationName = Release;
		};
		281395C220623B5100D8AE8F /* Build configuration list for PBXNativeTarget "DolfuUtilsTests" */ = {
			isa = XCConfigurationList;
			buildConfigurations = (
				281395C320623B5100D8AE8F /* Debug */,
				281395C420623B5100D8AE8F /* Release */,
			);
			defaultConfigurationIsVisible = 0;
			defaultConfigurationName = Release;
		};
/* End XCConfigurationList section */
	};
	rootObject = 281395A220623B5000D8AE8F /* Project object */;
}
