// !$*UTF8*$!
{
	archiveVersion = 1;
	classes = {
	};
	objectVersion = 48;
	objects = {

/* Begin PBXBuildFile section */
		28ADB3E0205D71FA006B2DB1 /* AppDelegate.swift in Sources */ = {isa = PBXBuildFile; fileRef = 28ADB3DF205D71FA006B2DB1 /* AppDelegate.swift */; };
		28ADB3E2205D71FA006B2DB1 /* ViewController.swift in Sources */ = {isa = PBXBuildFile; fileRef = 28ADB3E1205D71FA006B2DB1 /* ViewController.swift */; };
		28ADB3E5205D71FA006B2DB1 /* Main.storyboard in Resources */ = {isa = PBXBuildFile; fileRef = 28ADB3E3205D71FA006B2DB1 /* Main.storyboard */; };
		28ADB3E7205D71FA006B2DB1 /* Assets.xcassets in Resources */ = {isa = PBXBuildFile; fileRef = 28ADB3E6205D71FA006B2DB1 /* Assets.xcassets */; };
		28ADB3EA205D71FA006B2DB1 /* LaunchScreen.storyboard in Resources */ = {isa = PBXBuildFile; fileRef = 28ADB3E8205D71FA006B2DB1 /* LaunchScreen.storyboard */; };
		28ADB3F5205D71FA006B2DB1 /* DolfuVideoEditorTests.swift in Sources */ = {isa = PBXBuildFile; fileRef = 28ADB3F4205D71FA006B2DB1 /* DolfuVideoEditorTests.swift */; };
		28ADB400205D71FB006B2DB1 /* DolfuVideoEditorUITests.swift in Sources */ = {isa = PBXBuildFile; fileRef = 28ADB3FF205D71FB006B2DB1 /* DolfuVideoEditorUITests.swift */; };
/* End PBXBuildFile section */

/* Begin PBXContainerItemProxy section */
		28ADB3F1205D71FA006B2DB1 /* PBXContainerItemProxy */ = {
			isa = PBXContainerItemProxy;
			containerPortal = 28ADB3D4205D71FA006B2DB1 /* Project object */;
			proxyType = 1;
			remoteGlobalIDString = 28ADB3DB205D71FA006B2DB1;
			remoteInfo = DolfuVideoEditor;
		};
		28ADB3FC205D71FB006B2DB1 /* PBXContainerItemProxy */ = {
			isa = PBXContainerItemProxy;
			containerPortal = 28ADB3D4205D71FA006B2DB1 /* Project object */;
			proxyType = 1;
			remoteGlobalIDString = 28ADB3DB205D71FA006B2DB1;
			remoteInfo = DolfuVideoEditor;
		};
/* End PBXContainerItemProxy section */

/* Begin PBXFileReference section */
		28ADB3DC205D71FA006B2DB1 /* DolfuVideoEditor.app */ = {isa = PBXFileReference; explicitFileType = wrapper.application; includeInIndex = 0; path = DolfuVideoEditor.app; sourceTree = BUILT_PRODUCTS_DIR; };
		28ADB3DF205D71FA006B2DB1 /* AppDelegate.swift */ = {isa = PBXFileReference; lastKnownFileType = sourcecode.swift; path = AppDelegate.swift; sourceTree = "<group>"; };
		28ADB3E1205D71FA006B2DB1 /* ViewController.swift */ = {isa = PBXFileReference; lastKnownFileType = sourcecode.swift; path = ViewController.swift; sourceTree = "<group>"; };
		28ADB3E4205D71FA006B2DB1 /* Base */ = {isa = PBXFileReference; lastKnownFileType = file.storyboard; name = Base; path = Base.lproj/Main.storyboard; sourceTree = "<group>"; };
		28ADB3E6205D71FA006B2DB1 /* Assets.xcassets */ = {isa = PBXFileReference; lastKnownFileType = folder.assetcatalog; path = Assets.xcassets; sourceTree = "<group>"; };
		28ADB3E9205D71FA006B2DB1 /* Base */ = {isa = PBXFileReference; lastKnownFileType = file.storyboard; name = Base; path = Base.lproj/LaunchScreen.storyboard; sourceTree = "<group>"; };
		28ADB3EB205D71FA006B2DB1 /* Info.plist */ = {isa = PBXFileReference; lastKnownFileType = text.plist.xml; path = Info.plist; sourceTree = "<group>"; };
		28ADB3F0205D71FA006B2DB1 /* DolfuVideoEditorTests.xctest */ = {isa = PBXFileReference; explicitFileType = wrapper.cfbundle; includeInIndex = 0; path = DolfuVideoEditorTests.xctest; sourceTree = BUILT_PRODUCTS_DIR; };
		28ADB3F4205D71FA006B2DB1 /* DolfuVideoEditorTests.swift */ = {isa = PBXFileReference; lastKnownFileType = sourcecode.swift; path = DolfuVideoEditorTests.swift; sourceTree = "<group>"; };
		28ADB3F6205D71FB006B2DB1 /* Info.plist */ = {isa = PBXFileReference; lastKnownFileType = text.plist.xml; path = Info.plist; sourceTree = "<group>"; };
		28ADB3FB205D71FB006B2DB1 /* DolfuVideoEditorUITests.xctest */ = {isa = PBXFileReference; explicitFileType = wrapper.cfbundle; includeInIndex = 0; path = DolfuVideoEditorUITests.xctest; sourceTree = BUILT_PRODUCTS_DIR; };
		28ADB3FF205D71FB006B2DB1 /* DolfuVideoEditorUITests.swift */ = {isa = PBXFileReference; lastKnownFileType = sourcecode.swift; path = DolfuVideoEditorUITests.swift; sourceTree = "<group>"; };
		28ADB401205D71FB006B2DB1 /* Info.plist */ = {isa = PBXFileReference; lastKnownFileType = text.plist.xml; path = Info.plist; sourceTree = "<group>"; };
/* End PBXFileReference section */

/* Begin PBXFrameworksBuildPhase section */
		28ADB3D9205D71FA006B2DB1 /* Frameworks */ = {
			isa = PBXFrameworksBuildPhase;
			buildActionMask = 2147483647;
			files = (
			);
			runOnlyForDeploymentPostprocessing = 0;
		};
		28ADB3ED205D71FA006B2DB1 /* Frameworks */ = {
			isa = PBXFrameworksBuildPhase;
			buildActionMask = 2147483647;
			files = (
			);
			runOnlyForDeploymentPostprocessing = 0;
		};
		28ADB3F8205D71FB006B2DB1 /* Frameworks */ = {
			isa = PBXFrameworksBuildPhase;
			buildActionMask = 2147483647;
			files = (
			);
			runOnlyForDeploymentPostprocessing = 0;
		};
/* End PBXFrameworksBuildPhase section */

/* Begin PBXGroup section */
		28ADB3D3205D71FA006B2DB1 = {
			isa = PBXGroup;
			children = (
				28ADB3DE205D71FA006B2DB1 /* DolfuVideoEditor */,
				28ADB3F3205D71FA006B2DB1 /* DolfuVideoEditorTests */,
				28ADB3FE205D71FB006B2DB1 /* DolfuVideoEditorUITests */,
				28ADB3DD205D71FA006B2DB1 /* Products */,
			);
			sourceTree = "<group>";
		};
		28ADB3DD205D71FA006B2DB1 /* Products */ = {
			isa = PBXGroup;
			children = (
				28ADB3DC205D71FA006B2DB1 /* DolfuVideoEditor.app */,
				28ADB3F0205D71FA006B2DB1 /* DolfuVideoEditorTests.xctest */,
				28ADB3FB205D71FB006B2DB1 /* DolfuVideoEditorUITests.xctest */,
			);
			name = Products;
			sourceTree = "<group>";
		};
		28ADB3DE205D71FA006B2DB1 /* DolfuVideoEditor */ = {
			isa = PBXGroup;
			children = (
				28ADB3DF205D71FA006B2DB1 /* AppDelegate.swift */,
				28ADB3E1205D71FA006B2DB1 /* ViewController.swift */,
				28ADB3E3205D71FA006B2DB1 /* Main.storyboard */,
				28ADB3E6205D71FA006B2DB1 /* Assets.xcassets */,
				28ADB3E8205D71FA006B2DB1 /* LaunchScreen.storyboard */,
				28ADB3EB205D71FA006B2DB1 /* Info.plist */,
			);
			path = DolfuVideoEditor;
			sourceTree = "<group>";
		};
		28ADB3F3205D71FA006B2DB1 /* DolfuVideoEditorTests */ = {
			isa = PBXGroup;
			children = (
				28ADB3F4205D71FA006B2DB1 /* DolfuVideoEditorTests.swift */,
				28ADB3F6205D71FB006B2DB1 /* Info.plist */,
			);
			path = DolfuVideoEditorTests;
			sourceTree = "<group>";
		};
		28ADB3FE205D71FB006B2DB1 /* DolfuVideoEditorUITests */ = {
			isa = PBXGroup;
			children = (
				28ADB3FF205D71FB006B2DB1 /* DolfuVideoEditorUITests.swift */,
				28ADB401205D71FB006B2DB1 /* Info.plist */,
			);
			path = DolfuVideoEditorUITests;
			sourceTree = "<group>";
		};
/* End PBXGroup section */

/* Begin PBXNativeTarget section */
		28ADB3DB205D71FA006B2DB1 /* DolfuVideoEditor */ = {
			isa = PBXNativeTarget;
			buildConfigurationList = 28ADB404205D71FB006B2DB1 /* Build configuration list for PBXNativeTarget "DolfuVideoEditor" */;
			buildPhases = (
				28ADB3D8205D71FA006B2DB1 /* Sources */,
				28ADB3D9205D71FA006B2DB1 /* Frameworks */,
				28ADB3DA205D71FA006B2DB1 /* Resources */,
			);
			buildRules = (
			);
			dependencies = (
			);
			name = DolfuVideoEditor;
			productName = DolfuVideoEditor;
			productReference = 28ADB3DC205D71FA006B2DB1 /* DolfuVideoEditor.app */;
			productType = "com.apple.product-type.application";
		};
		28ADB3EF205D71FA006B2DB1 /* DolfuVideoEditorTests */ = {
			isa = PBXNativeTarget;
			buildConfigurationList = 28ADB407205D71FB006B2DB1 /* Build configuration list for PBXNativeTarget "DolfuVideoEditorTests" */;
			buildPhases = (
				28ADB3EC205D71FA006B2DB1 /* Sources */,
				28ADB3ED205D71FA006B2DB1 /* Frameworks */,
				28ADB3EE205D71FA006B2DB1 /* Resources */,
			);
			buildRules = (
			);
			dependencies = (
				28ADB3F2205D71FA006B2DB1 /* PBXTargetDependency */,
			);
			name = DolfuVideoEditorTests;
			productName = DolfuVideoEditorTests;
			productReference = 28ADB3F0205D71FA006B2DB1 /* DolfuVideoEditorTests.xctest */;
			productType = "com.apple.product-type.bundle.unit-test";
		};
		28ADB3FA205D71FB006B2DB1 /* DolfuVideoEditorUITests */ = {
			isa = PBXNativeTarget;
			buildConfigurationList = 28ADB40A205D71FB006B2DB1 /* Build configuration list for PBXNativeTarget "DolfuVideoEditorUITests" */;
			buildPhases = (
				28ADB3F7205D71FB006B2DB1 /* Sources */,
				28ADB3F8205D71FB006B2DB1 /* Frameworks */,
				28ADB3F9205D71FB006B2DB1 /* Resources */,
			);
			buildRules = (
			);
			dependencies = (
				28ADB3FD205D71FB006B2DB1 /* PBXTargetDependency */,
			);
			name = DolfuVideoEditorUITests;
			productName = DolfuVideoEditorUITests;
			productReference = 28ADB3FB205D71FB006B2DB1 /* DolfuVideoEditorUITests.xctest */;
			productType = "com.apple.product-type.bundle.ui-testing";
		};
/* End PBXNativeTarget section */

/* Begin PBXProject section */
		28ADB3D4205D71FA006B2DB1 /* Project object */ = {
			isa = PBXProject;
			attributes = {
				LastSwiftUpdateCheck = 0920;
				LastUpgradeCheck = 0920;
				ORGANIZATIONNAME = "김효빈";
				TargetAttributes = {
					28ADB3DB205D71FA006B2DB1 = {
						CreatedOnToolsVersion = 9.2;
						ProvisioningStyle = Automatic;
					};
					28ADB3EF205D71FA006B2DB1 = {
						CreatedOnToolsVersion = 9.2;
						ProvisioningStyle = Automatic;
						TestTargetID = 28ADB3DB205D71FA006B2DB1;
					};
					28ADB3FA205D71FB006B2DB1 = {
						CreatedOnToolsVersion = 9.2;
						ProvisioningStyle = Automatic;
						TestTargetID = 28ADB3DB205D71FA006B2DB1;
					};
				};
			};
			buildConfigurationList = 28ADB3D7205D71FA006B2DB1 /* Build configuration list for PBXProject "DolfuVideoEditor" */;
			compatibilityVersion = "Xcode 8.0";
			developmentRegion = en;
			hasScannedForEncodings = 0;
			knownRegions = (
				en,
				Base,
			);
			mainGroup = 28ADB3D3205D71FA006B2DB1;
			productRefGroup = 28ADB3DD205D71FA006B2DB1 /* Products */;
			projectDirPath = "";
			projectRoot = "";
			targets = (
				28ADB3DB205D71FA006B2DB1 /* DolfuVideoEditor */,
				28ADB3EF205D71FA006B2DB1 /* DolfuVideoEditorTests */,
				28ADB3FA205D71FB006B2DB1 /* DolfuVideoEditorUITests */,
			);
		};
/* End PBXProject section */

/* Begin PBXResourcesBuildPhase section */
		28ADB3DA205D71FA006B2DB1 /* Resources */ = {
			isa = PBXResourcesBuildPhase;
			buildActionMask = 2147483647;
			files = (
				28ADB3EA205D71FA006B2DB1 /* LaunchScreen.storyboard in Resources */,
				28ADB3E7205D71FA006B2DB1 /* Assets.xcassets in Resources */,
				28ADB3E5205D71FA006B2DB1 /* Main.storyboard in Resources */,
			);
			runOnlyForDeploymentPostprocessing = 0;
		};
		28ADB3EE205D71FA006B2DB1 /* Resources */ = {
			isa = PBXResourcesBuildPhase;
			buildActionMask = 2147483647;
			files = (
			);
			runOnlyForDeploymentPostprocessing = 0;
		};
		28ADB3F9205D71FB006B2DB1 /* Resources */ = {
			isa = PBXResourcesBuildPhase;
			buildActionMask = 2147483647;
			files = (
			);
			runOnlyForDeploymentPostprocessing = 0;
		};
/* End PBXResourcesBuildPhase section */

/* Begin PBXSourcesBuildPhase section */
		28ADB3D8205D71FA006B2DB1 /* Sources */ = {
			isa = PBXSourcesBuildPhase;
			buildActionMask = 2147483647;
			files = (
				28ADB3E2205D71FA006B2DB1 /* ViewController.swift in Sources */,
				28ADB3E0205D71FA006B2DB1 /* AppDelegate.swift in Sources */,
			);
			runOnlyForDeploymentPostprocessing = 0;
		};
		28ADB3EC205D71FA006B2DB1 /* Sources */ = {
			isa = PBXSourcesBuildPhase;
			buildActionMask = 2147483647;
			files = (
				28ADB3F5205D71FA006B2DB1 /* DolfuVideoEditorTests.swift in Sources */,
			);
			runOnlyForDeploymentPostprocessing = 0;
		};
		28ADB3F7205D71FB006B2DB1 /* Sources */ = {
			isa = PBXSourcesBuildPhase;
			buildActionMask = 2147483647;
			files = (
				28ADB400205D71FB006B2DB1 /* DolfuVideoEditorUITests.swift in Sources */,
			);
			runOnlyForDeploymentPostprocessing = 0;
		};
/* End PBXSourcesBuildPhase section */

/* Begin PBXTargetDependency section */
		28ADB3F2205D71FA006B2DB1 /* PBXTargetDependency */ = {
			isa = PBXTargetDependency;
			target = 28ADB3DB205D71FA006B2DB1 /* DolfuVideoEditor */;
			targetProxy = 28ADB3F1205D71FA006B2DB1 /* PBXContainerItemProxy */;
		};
		28ADB3FD205D71FB006B2DB1 /* PBXTargetDependency */ = {
			isa = PBXTargetDependency;
			target = 28ADB3DB205D71FA006B2DB1 /* DolfuVideoEditor */;
			targetProxy = 28ADB3FC205D71FB006B2DB1 /* PBXContainerItemProxy */;
		};
/* End PBXTargetDependency section */

/* Begin PBXVariantGroup section */
		28ADB3E3205D71FA006B2DB1 /* Main.storyboard */ = {
			isa = PBXVariantGroup;
			children = (
				28ADB3E4205D71FA006B2DB1 /* Base */,
			);
			name = Main.storyboard;
			sourceTree = "<group>";
		};
		28ADB3E8205D71FA006B2DB1 /* LaunchScreen.storyboard */ = {
			isa = PBXVariantGroup;
			children = (
				28ADB3E9205D71FA006B2DB1 /* Base */,
			);
			name = LaunchScreen.storyboard;
			sourceTree = "<group>";
		};
/* End PBXVariantGroup section */

/* Begin XCBuildConfiguration section */
		28ADB402205D71FB006B2DB1 /* Debug */ = {
			isa = XCBuildConfiguration;
			buildSettings = {
				ALWAYS_SEARCH_USER_PATHS = NO;
				CLANG_ANALYZER_NONNULL = YES;
				CLANG_ANALYZER_NUMBER_OBJECT_CONVERSION = YES_AGGRESSIVE;
				CLANG_CXX_LANGUAGE_STANDARD = "gnu++14";
				CLANG_CXX_LIBRARY = "libc++";
				CLANG_ENABLE_MODULES = YES;
				CLANG_ENABLE_OBJC_ARC = YES;
				CLANG_WARN_BLOCK_CAPTURE_AUTORELEASING = YES;
				CLANG_WARN_BOOL_CONVERSION = YES;
				CLANG_WARN_COMMA = YES;
				CLANG_WARN_CONSTANT_CONVERSION = YES;
				CLANG_WARN_DIRECT_OBJC_ISA_USAGE = YES_ERROR;
				CLANG_WARN_DOCUMENTATION_COMMENTS = YES;
				CLANG_WARN_EMPTY_BODY = YES;
				CLANG_WARN_ENUM_CONVERSION = YES;
				CLANG_WARN_INFINITE_RECURSION = YES;
				CLANG_WARN_INT_CONVERSION = YES;
				CLANG_WARN_NON_LITERAL_NULL_CONVERSION = YES;
				CLANG_WARN_OBJC_LITERAL_CONVERSION = YES;
				CLANG_WARN_OBJC_ROOT_CLASS = YES_ERROR;
				CLANG_WARN_RANGE_LOOP_ANALYSIS = YES;
				CLANG_WARN_STRICT_PROTOTYPES = YES;
				CLANG_WARN_SUSPICIOUS_MOVE = YES;
				CLANG_WARN_UNGUARDED_AVAILABILITY = YES_AGGRESSIVE;
				CLANG_WARN_UNREACHABLE_CODE = YES;
				CLANG_WARN__DUPLICATE_METHOD_MATCH = YES;
				CODE_SIGN_IDENTITY = "iPhone Developer";
				COPY_PHASE_STRIP = NO;
				DEBUG_INFORMATION_FORMAT = dwarf;
				ENABLE_STRICT_OBJC_MSGSEND = YES;
				ENABLE_TESTABILITY = YES;
				GCC_C_LANGUAGE_STANDARD = gnu11;
				GCC_DYNAMIC_NO_PIC = NO;
				GCC_NO_COMMON_BLOCKS = YES;
				GCC_OPTIMIZATION_LEVEL = 0;
				GCC_PREPROCESSOR_DEFINITIONS = (
					"DEBUG=1",
					"$(inherited)",
				);
				GCC_WARN_64_TO_32_BIT_CONVERSION = YES;
				GCC_WARN_ABOUT_RETURN_TYPE = YES_ERROR;
				GCC_WARN_UNDECLARED_SELECTOR = YES;
				GCC_WARN_UNINITIALIZED_AUTOS = YES_AGGRESSIVE;
				GCC_WARN_UNUSED_FUNCTION = YES;
				GCC_WARN_UNUSED_VARIABLE = YES;
				IPHONEOS_DEPLOYMENT_TARGET = 11.2;
				MTL_ENABLE_DEBUG_INFO = YES;
				ONLY_ACTIVE_ARCH = YES;
				SDKROOT = iphoneos;
				SWIFT_ACTIVE_COMPILATION_CONDITIONS = DEBUG;
				SWIFT_OPTIMIZATION_LEVEL = "-Onone";
			};
			name = Debug;
		};
		28ADB403205D71FB006B2DB1 /* Release */ = {
			isa = XCBuildConfiguration;
			buildSettings = {
				ALWAYS_SEARCH_USER_PATHS = NO;
				CLANG_ANALYZER_NONNULL = YES;
				CLANG_ANALYZER_NUMBER_OBJECT_CONVERSION = YES_AGGRESSIVE;
				CLANG_CXX_LANGUAGE_STANDARD = "gnu++14";
				CLANG_CXX_LIBRARY = "libc++";
				CLANG_ENABLE_MODULES = YES;
				CLANG_ENABLE_OBJC_ARC = YES;
				CLANG_WARN_BLOCK_CAPTURE_AUTORELEASING = YES;
				CLANG_WARN_BOOL_CONVERSION = YES;
				CLANG_WARN_COMMA = YES;
				CLANG_WARN_CONSTANT_CONVERSION = YES;
				CLANG_WARN_DIRECT_OBJC_ISA_USAGE = YES_ERROR;
				CLANG_WARN_DOCUMENTATION_COMMENTS = YES;
				CLANG_WARN_EMPTY_BODY = YES;
				CLANG_WARN_ENUM_CONVERSION = YES;
				CLANG_WARN_INFINITE_RECURSION = YES;
				CLANG_WARN_INT_CONVERSION = YES;
				CLANG_WARN_NON_LITERAL_NULL_CONVERSION = YES;
				CLANG_WARN_OBJC_LITERAL_CONVERSION = YES;
				CLANG_WARN_OBJC_ROOT_CLASS = YES_ERROR;
				CLANG_WARN_RANGE_LOOP_ANALYSIS = YES;
				CLANG_WARN_STRICT_PROTOTYPES = YES;
				CLANG_WARN_SUSPICIOUS_MOVE = YES;
				CLANG_WARN_UNGUARDED_AVAILABILITY = YES_AGGRESSIVE;
				CLANG_WARN_UNREACHABLE_CODE = YES;
				CLANG_WARN__DUPLICATE_METHOD_MATCH = YES;
				CODE_SIGN_IDENTITY = "iPhone Developer";
				COPY_PHASE_STRIP = NO;
				DEBUG_INFORMATION_FORMAT = "dwarf-with-dsym";
				ENABLE_NS_ASSERTIONS = NO;
				ENABLE_STRICT_OBJC_MSGSEND = YES;
				GCC_C_LANGUAGE_STANDARD = gnu11;
				GCC_NO_COMMON_BLOCKS = YES;
				GCC_WARN_64_TO_32_BIT_CONVERSION = YES;
				GCC_WARN_ABOUT_RETURN_TYPE = YES_ERROR;
				GCC_WARN_UNDECLARED_SELECTOR = YES;
				GCC_WARN_UNINITIALIZED_AUTOS = YES_AGGRESSIVE;
				GCC_WARN_UNUSED_FUNCTION = YES;
				GCC_WARN_UNUSED_VARIABLE = YES;
				IPHONEOS_DEPLOYMENT_TARGET = 11.2;
				MTL_ENABLE_DEBUG_INFO = NO;
				SDKROOT = iphoneos;
				SWIFT_OPTIMIZATION_LEVEL = "-Owholemodule";
				VALIDATE_PRODUCT = YES;
			};
			name = Release;
		};
		28ADB405205D71FB006B2DB1 /* Debug */ = {
			isa = XCBuildConfiguration;
			buildSettings = {
				ASSETCATALOG_COMPILER_APPICON_NAME = AppIcon;
				CODE_SIGN_STYLE = Automatic;
				DEVELOPMENT_TEAM = 2KS5WLQFDW;
				INFOPLIST_FILE = DolfuVideoEditor/Info.plist;
				LD_RUNPATH_SEARCH_PATHS = "$(inherited) @executable_path/Frameworks";
				PRODUCT_BUNDLE_IDENTIFIER = com.dolfu.DolfuVideoEditor;
				PRODUCT_NAME = "$(TARGET_NAME)";
				SWIFT_VERSION = 4.0;
				TARGETED_DEVICE_FAMILY = "1,2";
			};
			name = Debug;
		};
		28ADB406205D71FB006B2DB1 /* Release */ = {
			isa = XCBuildConfiguration;
			buildSettings = {
				ASSETCATALOG_COMPILER_APPICON_NAME = AppIcon;
				CODE_SIGN_STYLE = Automatic;
				DEVELOPMENT_TEAM = 2KS5WLQFDW;
				INFOPLIST_FILE = DolfuVideoEditor/Info.plist;
				LD_RUNPATH_SEARCH_PATHS = "$(inherited) @executable_path/Frameworks";
				PRODUCT_BUNDLE_IDENTIFIER = com.dolfu.DolfuVideoEditor;
				PRODUCT_NAME = "$(TARGET_NAME)";
				SWIFT_VERSION = 4.0;
				TARGETED_DEVICE_FAMILY = "1,2";
			};
			name = Release;
		};
		28ADB408205D71FB006B2DB1 /* Debug */ = {
			isa = XCBuildConfiguration;
			buildSettings = {
				ALWAYS_EMBED_SWIFT_STANDARD_LIBRARIES = YES;
				BUNDLE_LOADER = "$(TEST_HOST)";
				CODE_SIGN_STYLE = Automatic;
				DEVELOPMENT_TEAM = 2KS5WLQFDW;
				INFOPLIST_FILE = DolfuVideoEditorTests/Info.plist;
				LD_RUNPATH_SEARCH_PATHS = "$(inherited) @executable_path/Frameworks @loader_path/Frameworks";
				PRODUCT_BUNDLE_IDENTIFIER = com.dolfu.DolfuVideoEditorTests;
				PRODUCT_NAME = "$(TARGET_NAME)";
				SWIFT_VERSION = 4.0;
				TARGETED_DEVICE_FAMILY = "1,2";
				TEST_HOST = "$(BUILT_PRODUCTS_DIR)/DolfuVideoEditor.app/DolfuVideoEditor";
			};
			name = Debug;
		};
		28ADB409205D71FB006B2DB1 /* Release */ = {
			isa = XCBuildConfiguration;
			buildSettings = {
				ALWAYS_EMBED_SWIFT_STANDARD_LIBRARIES = YES;
				BUNDLE_LOADER = "$(TEST_HOST)";
				CODE_SIGN_STYLE = Automatic;
				DEVELOPMENT_TEAM = 2KS5WLQFDW;
				INFOPLIST_FILE = DolfuVideoEditorTests/Info.plist;
				LD_RUNPATH_SEARCH_PATHS = "$(inherited) @executable_path/Frameworks @loader_path/Frameworks";
				PRODUCT_BUNDLE_IDENTIFIER = com.dolfu.DolfuVideoEditorTests;
				PRODUCT_NAME = "$(TARGET_NAME)";
				SWIFT_VERSION = 4.0;
				TARGETED_DEVICE_FAMILY = "1,2";
				TEST_HOST = "$(BUILT_PRODUCTS_DIR)/DolfuVideoEditor.app/DolfuVideoEditor";
			};
			name = Release;
		};
		28ADB40B205D71FB006B2DB1 /* Debug */ = {
			isa = XCBuildConfiguration;
			buildSettings = {
				ALWAYS_EMBED_SWIFT_STANDARD_LIBRARIES = YES;
				CODE_SIGN_STYLE = Automatic;
				DEVELOPMENT_TEAM = 2KS5WLQFDW;
				INFOPLIST_FILE = DolfuVideoEditorUITests/Info.plist;
				LD_RUNPATH_SEARCH_PATHS = "$(inherited) @executable_path/Frameworks @loader_path/Frameworks";
				PRODUCT_BUNDLE_IDENTIFIER = com.dolfu.DolfuVideoEditorUITests;
				PRODUCT_NAME = "$(TARGET_NAME)";
				SWIFT_VERSION = 4.0;
				TARGETED_DEVICE_FAMILY = "1,2";
				TEST_TARGET_NAME = DolfuVideoEditor;
			};
			name = Debug;
		};
		28ADB40C205D71FB006B2DB1 /* Release */ = {
			isa = XCBuildConfiguration;
			buildSettings = {
				ALWAYS_EMBED_SWIFT_STANDARD_LIBRARIES = YES;
				CODE_SIGN_STYLE = Automatic;
				DEVELOPMENT_TEAM = 2KS5WLQFDW;
				INFOPLIST_FILE = DolfuVideoEditorUITests/Info.plist;
				LD_RUNPATH_SEARCH_PATHS = "$(inherited) @executable_path/Frameworks @loader_path/Frameworks";
				PRODUCT_BUNDLE_IDENTIFIER = com.dolfu.DolfuVideoEditorUITests;
				PRODUCT_NAME = "$(TARGET_NAME)";
				SWIFT_VERSION = 4.0;
				TARGETED_DEVICE_FAMILY = "1,2";
				TEST_TARGET_NAME = DolfuVideoEditor;
			};
			name = Release;
		};
/* End XCBuildConfiguration section */

/* Begin XCConfigurationList section */
		28ADB3D7205D71FA006B2DB1 /* Build configuration list for PBXProject "DolfuVideoEditor" */ = {
			isa = XCConfigurationList;
			buildConfigurations = (
				28ADB402205D71FB006B2DB1 /* Debug */,
				28ADB403205D71FB006B2DB1 /* Release */,
			);
			defaultConfigurationIsVisible = 0;
			defaultConfigurationName = Release;
		};
		28ADB404205D71FB006B2DB1 /* Build configuration list for PBXNativeTarget "DolfuVideoEditor" */ = {
			isa = XCConfigurationList;
			buildConfigurations = (
				28ADB405205D71FB006B2DB1 /* Debug */,
				28ADB406205D71FB006B2DB1 /* Release */,
			);
			defaultConfigurationIsVisible = 0;
			defaultConfigurationName = Release;
		};
		28ADB407205D71FB006B2DB1 /* Build configuration list for PBXNativeTarget "DolfuVideoEditorTests" */ = {
			isa = XCConfigurationList;
			buildConfigurations = (
				28ADB408205D71FB006B2DB1 /* Debug */,
				28ADB409205D71FB006B2DB1 /* Release */,
			);
			defaultConfigurationIsVisible = 0;
			defaultConfigurationName = Release;
		};
		28ADB40A205D71FB006B2DB1 /* Build configuration list for PBXNativeTarget "DolfuVideoEditorUITests" */ = {
			isa = XCConfigurationList;
			buildConfigurations = (
				28ADB40B205D71FB006B2DB1 /* Debug */,
				28ADB40C205D71FB006B2DB1 /* Release */,
			);
			defaultConfigurationIsVisible = 0;
			defaultConfigurationName = Release;
		};
/* End XCConfigurationList section */
	};
	rootObject = 28ADB3D4205D71FA006B2DB1 /* Project object */;
}
